
Microsoft Visual Studio Solution File, Format Version 12.00
# Visual Studio Version 17
VisualStudioVersion = 17.9.34728.123
MinimumVisualStudioVersion = 10.0.40219.1
Project("{9A19103F-16F7-4668-BE54-9A1E7A4F7556}") = "Simansoft.Mpesa.Core", "src\Simansoft.Mpesa.Core\Simansoft.Mpesa.Core.csproj", "{944CFFB8-1079-4779-AFA8-54C6B57EE59F}"
EndProject
Project("{9A19103F-16F7-4668-BE54-9A1E7A4F7556}") = "Simansoft.Mpesa.WebAPI", "src\Simansoft.Mpesa.WebAPI\Simansoft.Mpesa.WebAPI.csproj", "{663A8D7A-2668-4DAF-A823-0B79CFF97D17}"
EndProject
Project("{9A19103F-16F7-4668-BE54-9A1E7A4F7556}") = "Simansoft.Mpesa.Core.Tests", "test\Simansoft.Mpesa.Core.Tests\Simansoft.Mpesa.Core.Tests.csproj", "{4CE2E19B-7AB6-41F6-B85B-9AFA57D2DFE8}"
EndProject
Project("{9A19103F-16F7-4668-BE54-9A1E7A4F7556}") = "Simansoft.Mpesa.WebAPI.Tests", "test\Simansoft.Mpesa.WebAPI.Tests\Simansoft.Mpesa.WebAPI.Tests.csproj", "{C1C9B393-89FD-4145-AE74-1881498ED3E3}"
EndProject
Global
	GlobalSection(SolutionConfigurationPlatforms) = preSolution
		Debug|Any CPU = Debug|Any CPU
		Release|Any CPU = Release|Any CPU
	EndGlobalSection
	GlobalSection(ProjectConfigurationPlatforms) = postSolution
		{944CFFB8-1079-4779-AFA8-54C6B57EE59F}.Debug|Any CPU.ActiveCfg = Debug|Any CPU
		{944CFFB8-1079-4779-AFA8-54C6B57EE59F}.Debug|Any CPU.Build.0 = Debug|Any CPU
		{944CFFB8-1079-4779-AFA8-54C6B57EE59F}.Release|Any CPU.ActiveCfg = Release|Any CPU
		{944CFFB8-1079-4779-AFA8-54C6B57EE59F}.Release|Any CPU.Build.0 = Release|Any CPU
		{663A8D7A-2668-4DAF-A823-0B79CFF97D17}.Debug|Any CPU.ActiveCfg = Debug|Any CPU
		{663A8D7A-2668-4DAF-A823-0B79CFF97D17}.Debug|Any CPU.Build.0 = Debug|Any CPU
		{663A8D7A-2668-4DAF-A823-0B79CFF97D17}.Release|Any CPU.ActiveCfg = Release|Any CPU
		{663A8D7A-2668-4DAF-A823-0B79CFF97D17}.Release|Any CPU.Build.0 = Release|Any CPU
		{4CE2E19B-7AB6-41F6-B85B-9AFA57D2DFE8}.Debug|Any CPU.ActiveCfg = Debug|Any CPU
		{4CE2E19B-7AB6-41F6-B85B-9AFA57D2DFE8}.Debug|Any CPU.Build.0 = Debug|Any CPU
		{4CE2E19B-7AB6-41F6-B85B-9AFA57D2DFE8}.Release|Any CPU.ActiveCfg = Release|Any CPU
		{4CE2E19B-7AB6-41F6-B85B-9AFA57D2DFE8}.Release|Any CPU.Build.0 = Release|Any CPU
		{C1C9B393-89FD-4145-AE74-1881498ED3E3}.Debug|Any CPU.ActiveCfg = Debug|Any CPU
		{C1C9B393-89FD-4145-AE74-1881498ED3E3}.Debug|Any CPU.Build.0 = Debug|Any CPU
		{C1C9B393-89FD-4145-AE74-1881498ED3E3}.Release|Any CPU.ActiveCfg = Release|Any CPU
		{C1C9B393-89FD-4145-AE74-1881498ED3E3}.Release|Any CPU.Build.0 = Release|Any CPU
	EndGlobalSection
	GlobalSection(SolutionProperties) = preSolution
		HideSolutionNode = FALSE
	EndGlobalSection
	GlobalSection(ExtensibilityGlobals) = postSolution
		SolutionGuid = {E85068E1-6F9C-4B81-ABA3-041A2F93431A}
	EndGlobalSection
EndGlobal
